{
    "_meta": {
        "hash": {
            "sha256": "a1648cc27a7101533185d2e31b651d3149e20d94bee58cb944a14582b056dfcf"
        },
        "pipfile-spec": 6,
        "requires": {
            "python_version": "3.8"
        },
        "sources": [
            {
                "name": "pypi",
                "url": "https://pypi.org/simple",
                "verify_ssl": true
            }
        ]
    },
    "default": {
        "attrs": {
            "hashes": [
                "sha256:29adc2665447e5191d0e7c568fde78b21f9672d344281d0c6e1ab085429b22b6",
                "sha256:86efa402f67bf2df34f51a335487cf46b1ec130d02b8d39fd248abfd30da551c"
            ],
            "markers": "python_version >= '3.5'",
            "version": "==22.1.0"
        },
        "bytecode": {
            "hashes": [
                "sha256:6af3c2f0a31ce05dce41f7eea5cc380e33f5e8fbb7dcee3b52467a00acd52fcd",
                "sha256:e69f92e7d27f99d5d7d76e6a824bd3d9ff857c72b59927aaf87e1a620f67fe50"
            ],
            "markers": "python_version >= '3.8'",
            "version": "==0.13.0"
        },
        "cattrs": {
            "hashes": [
                "sha256:94b67b64cf92c994f8784c40c082177dc916e0489a73a9a36b24eb18a9db40c6",
                "sha256:d55c477b4672f93606e992049f15d526dc7867e6c756cd6256d4af92e2b1e364"
            ],
            "markers": "python_version >= '3.7' and python_version < '4.0'",
            "version": "==22.1.0"
        },
        "click": {
            "hashes": [
                "sha256:7682dc8afb30297001674575ea00d1814d808d6a36af415a82bd481d37ba7b8e",
                "sha256:bb4d8133cb15a609f44e8213d9b391b0809795062913b383c62be0ee95b1db48"
            ],
            "markers": "python_version >= '3.7'",
            "version": "==8.1.3"
        },
        "ddsketch": {
            "hashes": [
                "sha256:3227a270fd686a29d3a7128f9352ccf852314410380fc11384356f1ae2a75938",
                "sha256:32f7314077fec8747d4faebaec2c854b5ffc399c5f552f73fa94024f48d74d64"
            ],
            "markers": "python_version >= '2.7'",
            "version": "==2.0.4"
        },
        "ddtrace": {
            "hashes": [
                "sha256:00dbc903ed49d8fc4847b855de8574f8677a74d7ec36640124ff2a8af8396ebf",
                "sha256:01123a609077ac2a610236edfa925f7f3cebd531539c9ee90be2120dbc50307e",
                "sha256:0548ff57f0c1b2eb77087eb2e67007a9f21f6985e469f9932d5fa729468bc36e",
                "sha256:06b6576e314f90de82b4855cacd15e615b79e9d9ee7c0987fe0b92c3840e3c63",
                "sha256:06c0102d672387c2026899ff5bb4ac89512eee7bc67caa0aac59876aaf60ea2c",
                "sha256:0b01b7570f3eb2916db5f5c35fda6b3f9f4af77e59985cf034ed1b97a34815f4",
                "sha256:0b372aec89238c23076759298f2fee5c152093d2876e55468dddd02fb3b92e4e",
                "sha256:0e23604935c2c0434bcffba023438954bc49e3590eadb168b35cba37ceeb6167",
                "sha256:0f8cecb31c7e6e184b904cf52c8e9c6a047b763bcbd503328a94bb28948dbefa",
                "sha256:147235c60b17fe58d45baeffabc9ad141b865c66ee2c428a1b8c02460747beef",
                "sha256:1960ade2078e01b4346ab492eb1a3b6b6c69064d4f250ac22f3254b8db35defb",
                "sha256:1cbea963af95e4fce1d5e5e664724319e5f46886fd51ac8e172dff1ec11f809b",
                "sha256:22e8f2dec23234d0bd13b98ce7825c700920bf9e9b6cbf9f717ed6e92709c2d4",
                "sha256:2330c0e7cf05ac5da01e98e6622f40fcd74961ef42ee97419ad3a97604d9322c",
                "sha256:247ce1e8cb1b0bd02a5b0a9c9c1d37375a3461f5e865c076f2783ddcbe719314",
                "sha256:26aea3e9253eae265be6e8ba6eaad50d5e7a24acf59080603156465214576bef",
                "sha256:2bdaf6ea02f201296c6bf3438f2421aab3d286db0d594b372b6de138ad679675",
                "sha256:3ca0ff3938bb39370e4fecf61c122780133bc6df015df2c6d79af3858792cd92",
                "sha256:3d131b207f2900c54a83b3045466d04727c2d15fcb4cd01101a88ef20ef5cb4f",
                "sha256:3dfeadca1311c1c8c2ffcc14b1d27f1e3dca47420c7ea869599e85da16601934",
                "sha256:3f0e46e70be4b1608870cf7b6b86ca858d3176e0587eda5d146ec6feca1ccb24",
                "sha256:401b7fa3e9f70709c0a727297ae00b79cedd007790df8ab0e8bd730cd4255a97",
                "sha256:4e9686a7a9287c9cea452ca488233a7f5bec0d2527b66ce39b359f519e326022",
                "sha256:569911bd3dd6911a0d06eab7893bc2aebd12ed421ce4bca8a1adbcb8f162a7bf",
                "sha256:5725f2c124047db06db5708f265a19a6f61704e85c88e58a863d3168d5a96044",
                "sha256:5d6b2e5c11d78ab70aa8244e547704967fcbbf78e01bdee95480ae07f897047e",
                "sha256:5da53ad04f2580b125dcb8942388c0dbe2fc607ebeb0c441a5c7d326187e640a",
                "sha256:5f91f608743a7eed9334ec7dadee06dbcd2c05b61041ac619e4e9da45deeb71b",
                "sha256:60776161b8c9c2445ca1eec01dee3ba26d22c8238e86130c3f88d287e66af4f6",
                "sha256:60798e7a6abd5eadee39e75510705ccb7bf0f7e5fdbbb8adf26ed4c6ebb289a4",
                "sha256:688095114bcdb1989887e11ef756592672f7dcd44a9817979b32dd457d8113a6",
                "sha256:6ad5f9cfba28091f5a680dbce4f3661a99dd27a4c057ff4e728e6195564ec059",
                "sha256:7454803d32de6695daedb9dd4605fdfd09cda70f69e1961e8d9df9e34c46adf4",
                "sha256:7f94863a0e679aef412d9dde6fdbef797382e414701fe09a9ad1f17bb8d7b376",
                "sha256:8a38a0e8cfffeb023fba9af5072935072e7c987364978886d59ff15fca265fe7",
                "sha256:9741bf39badd9ea0fd75e469c6c0080e1504516fd6e3a8ab443ace7b0fd34090",
                "sha256:98c7a82000407053c07d2c6eb91b73e89ff8820f6871f91401221bac2f537938",
                "sha256:9dd7094863a15d7f5200ca16d898ce430eae7e471c518b9126bd7d055bd5c696",
                "sha256:9fd94662280f00b7c8cff85b5be968b2fdb5a6cde027b3b82c8cc70c6c65cb04",
                "sha256:a0647a778500828001f493a3aff3202bf80304df461ee571a97a804fde9e4a9c",
                "sha256:a2a70e75fd05dc89fdecbcd974b80e12497f4599394dc92dfc90f8dad88c8b69",
                "sha256:a68f032505be3078033683b4574efc882bfaa29b1ede1fd3314905bbcd59c618",
                "sha256:a7e9416350fdfb7678ce2fed76ca42be5d5aac9a48a78751362c490426538671",
                "sha256:b04529e37ecc5455391ade580461b12323e1f10426bb3cf9ecf0ca3781dde9db",
                "sha256:b7afa232e45eda2b0ffb2079e6bfc31492a658785f1c7cc3ce5747f55b89864f",
                "sha256:c056d894af03799d77f9fd29ddc23cf112c2b956857ddbb9f869f1c4ccd0fa34",
                "sha256:c2f7622e1e129ee38d4b87bd440736c9c2893f2537d3a102983be9a11ecccfe7",
                "sha256:ca186c7287486089f4d4a4a05c51ef87599380662e8f8be030705e5dab3a7e71",
                "sha256:cae621ed3131d3cfa82eedf4f6931819525d9641c5ff80ce34bee07d9810f936",
                "sha256:cd0b8990cb0bc2c169f87f25f33c129d0c23f5e4e757a5ab63ce286dcdd1fc90",
                "sha256:cef18c21757ed8b752146dd5dfdad906a0a55563f893a2f7d76a49e52cd71267",
                "sha256:e2f3a942bc824d25eae5add4db79c9ae203d961f897bae79e8b514fc7202455b",
                "sha256:ee4538da97aa7210b73f7d5e6c238d47b6b4f855d51fcaad44c7841bd2f57a14",
                "sha256:f0127b42d57eb2ed9ef46dfb9a953d41d31864732ab53530f1d6c0339b24eec4",
                "sha256:f0e0fbde967b7887a19bc1b3feef417aa69924f3bc0855a702137d29e21747ec",
                "sha256:f205d018399142011975342188b734cd60e29390f577c0eac4011cf7157e90a9",
                "sha256:f66885ebe0110b20451e4263fbc9f61f944bcd40d6741314cf2182046c55f74f",
                "sha256:f740907c06fddf6b51f54983f6e5f2dcdd881a1ede490c60b4203fa3c67bd9bf",
                "sha256:ff636af07ca46e8e33bf916fe74217354ac0dcbe6524626f7e397a9a2b81c642"
            ],
            "index": "pypi",
            "version": "==1.5.0"
        },
        "envier": {
            "hashes": [
                "sha256:7b91af0f16ea3e56d91ec082f038987e81b441fc19c657a8b8afe0909740a706",
                "sha256:e68dcd1ed67d8b6313883e27dff3e701b7fba944d2ed4b7f53d0cc2e12364a82"
            ],
            "markers": "python_version >= '2.7'",
            "version": "==0.4.0"
        },
        "exceptiongroup": {
            "hashes": [
                "sha256:2e3c3fc1538a094aab74fad52d6c33fc94de3dfee3ee01f187c0e0c72aec5337",
                "sha256:9086a4a21ef9b31c72181c77c040a074ba0889ee56a7b289ff0afb0d97655f96"
            ],
            "markers": "python_version < '3.11'",
            "version": "==1.0.0rc9"
        },
        "flask": {
            "hashes": [
                "sha256:642c450d19c4ad482f96729bd2a8f6d32554aa1e231f4f6b4e7e5264b16cca2b",
                "sha256:b9c46cc36662a7949f34b52d8ec7bb59c0d74ba08ba6cb9ce9adc1d8676d9526"
            ],
            "index": "pypi",
            "version": "==2.2.2"
        },
        "importlib-metadata": {
            "hashes": [
                "sha256:637245b8bab2b6502fcbc752cc4b7a6f6243bb02b31c5c26156ad103d3d45670",
                "sha256:7401a975809ea1fdc658c3aa4f78cc2195a0e019c5cbc4c06122884e9ae80c23"
            ],
            "markers": "python_version < '3.10'",
            "version": "==4.12.0"
        },
        "importlib-resources": {
            "hashes": [
                "sha256:5481e97fb45af8dcf2f798952625591c58fe599d0735d86b10f54de086a61681",
                "sha256:f78a8df21a79bcc30cfd400bdc38f314333de7c0fb619763f6b9dabab8268bb7"
            ],
            "markers": "python_version < '3.9'",
            "version": "==5.9.0"
        },
        "ipaddress": {
            "hashes": [
                "sha256:6e0f4a39e66cb5bb9a137b00276a2eff74f93b71dcbdad6f10ff7df9d3557fcc",
                "sha256:b7f8e0369580bb4a24d5ba1d7cc29660a4a6987763faf1d8a8046830e020e7e2"
            ],
            "version": "==1.0.23"
        },
        "itsdangerous": {
            "hashes": [
                "sha256:2c2349112351b88699d8d4b6b075022c0808887cb7ad10069318a8b0bc88db44",
                "sha256:5dbbc68b317e5e42f327f9021763545dc3fc3bfe22e6deb96aaf1fc38874156a"
            ],
            "markers": "python_version >= '3.7'",
            "version": "==2.1.2"
        },
        "jinja2": {
            "hashes": [
                "sha256:31351a702a408a9e7595a8fc6150fc3f43bb6bf7e319770cbc0db9df9437e852",
                "sha256:6088930bfe239f0e6710546ab9c19c9ef35e29792895fed6e6e31a023a182a61"
            ],
            "markers": "python_version >= '3.7'",
            "version": "==3.1.2"
        },
        "jsonschema": {
            "hashes": [
                "sha256:165059f076eff6971bae5b742fc029a7b4ef3f9bcf04c14e4776a7605de14b23",
                "sha256:9e74b8f9738d6a946d70705dc692b74b5429cd0960d58e79ffecfc43b2221eb9"
            ],
            "markers": "python_version >= '3.7'",
            "version": "==4.16.0"
        },
        "markupsafe": {
            "hashes": [
                "sha256:0212a68688482dc52b2d45013df70d169f542b7394fc744c02a57374a4207003",
                "sha256:089cf3dbf0cd6c100f02945abeb18484bd1ee57a079aefd52cffd17fba910b88",
                "sha256:10c1bfff05d95783da83491be968e8fe789263689c02724e0c691933c52994f5",
                "sha256:33b74d289bd2f5e527beadcaa3f401e0df0a89927c1559c8566c066fa4248ab7",
                "sha256:3799351e2336dc91ea70b034983ee71cf2f9533cdff7c14c90ea126bfd95d65a",
                "sha256:3ce11ee3f23f79dbd06fb3d63e2f6af7b12db1d46932fe7bd8afa259a5996603",
                "sha256:421be9fbf0ffe9ffd7a378aafebbf6f4602d564d34be190fc19a193232fd12b1",
                "sha256:43093fb83d8343aac0b1baa75516da6092f58f41200907ef92448ecab8825135",
                "sha256:46d00d6cfecdde84d40e572d63735ef81423ad31184100411e6e3388d405e247",
                "sha256:4a33dea2b688b3190ee12bd7cfa29d39c9ed176bda40bfa11099a3ce5d3a7ac6",
                "sha256:4b9fe39a2ccc108a4accc2676e77da025ce383c108593d65cc909add5c3bd601",
                "sha256:56442863ed2b06d19c37f94d999035e15ee982988920e12a5b4ba29b62ad1f77",
                "sha256:671cd1187ed5e62818414afe79ed29da836dde67166a9fac6d435873c44fdd02",
                "sha256:694deca8d702d5db21ec83983ce0bb4b26a578e71fbdbd4fdcd387daa90e4d5e",
                "sha256:6a074d34ee7a5ce3effbc526b7083ec9731bb3cbf921bbe1d3005d4d2bdb3a63",
                "sha256:6d0072fea50feec76a4c418096652f2c3238eaa014b2f94aeb1d56a66b41403f",
                "sha256:6fbf47b5d3728c6aea2abb0589b5d30459e369baa772e0f37a0320185e87c980",
                "sha256:7f91197cc9e48f989d12e4e6fbc46495c446636dfc81b9ccf50bb0ec74b91d4b",
                "sha256:86b1f75c4e7c2ac2ccdaec2b9022845dbb81880ca318bb7a0a01fbf7813e3812",
                "sha256:8dc1c72a69aa7e082593c4a203dcf94ddb74bb5c8a731e4e1eb68d031e8498ff",
                "sha256:8e3dcf21f367459434c18e71b2a9532d96547aef8a871872a5bd69a715c15f96",
                "sha256:8e576a51ad59e4bfaac456023a78f6b5e6e7651dcd383bcc3e18d06f9b55d6d1",
                "sha256:96e37a3dc86e80bf81758c152fe66dbf60ed5eca3d26305edf01892257049925",
                "sha256:97a68e6ada378df82bc9f16b800ab77cbf4b2fada0081794318520138c088e4a",
                "sha256:99a2a507ed3ac881b975a2976d59f38c19386d128e7a9a18b7df6fff1fd4c1d6",
                "sha256:a49907dd8420c5685cfa064a1335b6754b74541bbb3706c259c02ed65b644b3e",
                "sha256:b09bf97215625a311f669476f44b8b318b075847b49316d3e28c08e41a7a573f",
                "sha256:b7bd98b796e2b6553da7225aeb61f447f80a1ca64f41d83612e6139ca5213aa4",
                "sha256:b87db4360013327109564f0e591bd2a3b318547bcef31b468a92ee504d07ae4f",
                "sha256:bcb3ed405ed3222f9904899563d6fc492ff75cce56cba05e32eff40e6acbeaa3",
                "sha256:d4306c36ca495956b6d568d276ac11fdd9c30a36f1b6eb928070dc5360b22e1c",
                "sha256:d5ee4f386140395a2c818d149221149c54849dfcfcb9f1debfe07a8b8bd63f9a",
                "sha256:dda30ba7e87fbbb7eab1ec9f58678558fd9a6b8b853530e176eabd064da81417",
                "sha256:e04e26803c9c3851c931eac40c695602c6295b8d432cbe78609649ad9bd2da8a",
                "sha256:e1c0b87e09fa55a220f058d1d49d3fb8df88fbfab58558f1198e08c1e1de842a",
                "sha256:e72591e9ecd94d7feb70c1cbd7be7b3ebea3f548870aa91e2732960fa4d57a37",
                "sha256:e8c843bbcda3a2f1e3c2ab25913c80a3c5376cd00c6e8c4a86a89a28c8dc5452",
                "sha256:efc1913fd2ca4f334418481c7e595c00aad186563bbc1ec76067848c7ca0a933",
                "sha256:f121a1420d4e173a5d96e47e9a0c0dcff965afdf1626d28de1460815f7c4ee7a",
                "sha256:fc7b548b17d238737688817ab67deebb30e8073c95749d55538ed473130ec0c7"
            ],
            "markers": "python_version >= '3.7'",
            "version": "==2.1.1"
        },
        "packaging": {
            "hashes": [
                "sha256:dd47c42927d89ab911e606518907cc2d3a1f38bbd026385970643f9c5b8ecfeb",
                "sha256:ef103e05f519cdc783ae24ea4e2e0f508a9c99b2d4969652eed6a2e1ea5bd522"
            ],
            "markers": "python_version >= '3.6'",
            "version": "==21.3"
        },
        "pkgutil-resolve-name": {
            "hashes": [
                "sha256:357d6c9e6a755653cfd78893817c0853af365dd51ec97f3d358a819373bbd174",
                "sha256:ca27cc078d25c5ad71a9de0a7a330146c4e014c2462d9af19c6b828280649c5e"
            ],
            "markers": "python_version < '3.9'",
            "version": "==1.3.10"
        },
        "protobuf": {
            "hashes": [
                "sha256:07a0bb9cc6114f16a39c866dc28b6e3d96fa4ffb9cc1033057412547e6e75cb9",
                "sha256:308173d3e5a3528787bb8c93abea81d5a950bdce62840d9760effc84127fb39c",
                "sha256:4143513c766db85b9d7c18dbf8339673c8a290131b2a0fe73855ab20770f72b0",
                "sha256:49f88d56a9180dbb7f6199c920f5bb5c1dd0172f672983bb281298d57c2ac8eb",
                "sha256:6b1040a5661cd5f6e610cbca9cfaa2a17d60e2bb545309bc1b278bb05be44bdd",
                "sha256:77b355c8604fe285536155286b28b0c4cbc57cf81b08d8357bf34829ea982860",
                "sha256:7a6cc8842257265bdfd6b74d088b829e44bcac3cca234c5fdd6052730017b9ea",
                "sha256:80e6540381080715fddac12690ee42d087d0d17395f8d0078dfd6f1181e7be4c",
                "sha256:8f9e60f7d44592c66e7b332b6a7b4b6e8d8b889393c79dbc3a91f815118f8eac",
                "sha256:9666da97129138585b26afcb63ad4887f602e169cafe754a8258541c553b8b5d",
                "sha256:aa29113ec901281f29d9d27b01193407a98aa9658b8a777b0325e6d97149f5ce",
                "sha256:b6cea204865595a92a7b240e4b65bcaaca3ad5d2ce25d9db3756eba06041138e",
                "sha256:ba596b9ffb85c909fcfe1b1a23136224ed678af3faf9912d3fa483d5f9813c4e",
                "sha256:c7c864148a237f058c739ae7a05a2b403c0dfa4ce7d1f3e5213f352ad52d57c6"
            ],
            "markers": "python_version >= '3.7'",
            "version": "==4.21.6"
        },
        "pyparsing": {
            "hashes": [
                "sha256:2b020ecf7d21b687f219b71ecad3631f644a47f01403fa1d1036b0c6416d70fb",
                "sha256:5026bae9a10eeaefb61dab2f09052b9f4307d44aee4eda64b309723d8d206bbc"
            ],
            "markers": "python_full_version >= '3.6.8'",
            "version": "==3.0.9"
        },
        "pyrsistent": {
            "hashes": [
                "sha256:0e3e1fcc45199df76053026a51cc59ab2ea3fc7c094c6627e93b7b44cdae2c8c",
                "sha256:1b34eedd6812bf4d33814fca1b66005805d3640ce53140ab8bbb1e2651b0d9bc",
                "sha256:4ed6784ceac462a7d6fcb7e9b663e93b9a6fb373b7f43594f9ff68875788e01e",
                "sha256:5d45866ececf4a5fff8742c25722da6d4c9e180daa7b405dc0a2a2790d668c26",
                "sha256:636ce2dc235046ccd3d8c56a7ad54e99d5c1cd0ef07d9ae847306c91d11b5fec",
                "sha256:6455fc599df93d1f60e1c5c4fe471499f08d190d57eca040c0ea182301321286",
                "sha256:6bc66318fb7ee012071b2792024564973ecc80e9522842eb4e17743604b5e045",
                "sha256:7bfe2388663fd18bd8ce7db2c91c7400bf3e1a9e8bd7d63bf7e77d39051b85ec",
                "sha256:7ec335fc998faa4febe75cc5268a9eac0478b3f681602c1f27befaf2a1abe1d8",
                "sha256:914474c9f1d93080338ace89cb2acee74f4f666fb0424896fcfb8d86058bf17c",
                "sha256:b568f35ad53a7b07ed9b1b2bae09eb15cdd671a5ba5d2c66caee40dbf91c68ca",
                "sha256:cdfd2c361b8a8e5d9499b9082b501c452ade8bbf42aef97ea04854f4a3f43b22",
                "sha256:d1b96547410f76078eaf66d282ddca2e4baae8964364abb4f4dcdde855cd123a",
                "sha256:d4d61f8b993a7255ba714df3aca52700f8125289f84f704cf80916517c46eb96",
                "sha256:d7a096646eab884bf8bed965bad63ea327e0d0c38989fc83c5ea7b8a87037bfc",
                "sha256:df46c854f490f81210870e509818b729db4488e1f30f2a1ce1698b2295a878d1",
                "sha256:e24a828f57e0c337c8d8bb9f6b12f09dfdf0273da25fda9e314f0b684b415a07",
                "sha256:e4f3149fd5eb9b285d6bfb54d2e5173f6a116fe19172686797c056672689daf6",
                "sha256:e92a52c166426efbe0d1ec1332ee9119b6d32fc1f0bbfd55d5c1088070e7fc1b",
                "sha256:f87cc2863ef33c709e237d4b5f4502a62a00fab450c9e020892e8e2ede5847f5",
                "sha256:fd8da6d0124efa2f67d86fa70c851022f87c98e205f0594e1fae044e7119a5a6"
            ],
            "markers": "python_version >= '3.7'",
            "version": "==0.18.1"
        },
        "six": {
            "hashes": [
                "sha256:1e61c37477a1626458e36f7b1d82aa5c9b094fa4802892072e49de9c60c4c926",
                "sha256:8abb2f1d86890a2dfb989f9a77cfcfd3e47c2a354b01111771326f8aa26e0254"
            ],
            "markers": "python_version >= '2.7' and python_version not in '3.0, 3.1, 3.2, 3.3'",
            "version": "==1.16.0"
        },
        "tenacity": {
            "hashes": [
                "sha256:35525cd47f82830069f0d6b73f7eb83bc5b73ee2fff0437952cedf98b27653ac",
                "sha256:e48c437fdf9340f5666b92cd7990e96bc5fc955e1298baf4a907e3972067a445"
            ],
            "markers": "python_version >= '3.6'",
            "version": "==8.1.0"
        },
        "typing-extensions": {
            "hashes": [
                "sha256:25642c956049920a5aa49edcdd6ab1e06d7e5d467fc00e0506c44ac86fbfca02",
                "sha256:e6d2677a32f47fc7eb2795db1dd15c1f34eff616bcaf2cfb5e997f854fa1c4a6"
            ],
            "markers": "python_version >= '3.7'",
            "version": "==4.3.0"
        },
        "werkzeug": {
            "hashes": [
                "sha256:7ea2d48322cc7c0f8b3a215ed73eabd7b5d75d0b50e31ab006286ccff9e00b8f",
                "sha256:f979ab81f58d7318e064e99c4506445d60135ac5cd2e177a2de0089bfd4c9bd5"
            ],
            "markers": "python_version >= '3.7'",
            "version": "==2.2.2"
        },
        "xmltodict": {
            "hashes": [
                "sha256:341595a488e3e01a85a9d8911d8912fd922ede5fecc4dce437eb4b6c8d037e56",
                "sha256:aa89e8fd76320154a40d19a0df04a4695fb9dc5ba977cbb68ab3e4eb225e7852"
            ],
            "markers": "python_version >= '3.4'",
            "version": "==0.13.0"
        },
        "zipp": {
            "hashes": [
                "sha256:05b45f1ee8f807d0cc928485ca40a07cb491cf092ff587c0df9cb1fd154848d2",
                "sha256:47c40d7fe183a6f21403a199b3e4192cca5774656965b0a4988ad2f8feb5f009"
            ],
            "markers": "python_version >= '3.7'",
            "version": "==3.8.1"
        }
    },
    "develop": {}
}
